Microsoft Visual Studio Solution File, Format Version 12.00
# Visual Studio 15
VisualStudioVersion = 15.0.26711.1
MinimumVisualStudioVersion = 15.0.26124.0
Project("{9A19103F-16F7-4668-BE54-9A1E7A4F7556}") = "CSharp7", "CSharp7\CSharp7.csproj", "{2A4461DB-3CC7-46C7-992D-CFBFB5F19171}"
EndProject
Global
	GlobalSection(SolutionConfigurationPlatforms) = preSolution
		Debug|Any CPU = Debug|Any CPU
		Debug|x64 = Debug|x64
		Debug|x86 = Debug|x86
		Release|Any CPU = Release|Any CPU
		Release|x64 = Release|x64
		Release|x86 = Release|x86
	EndGlobalSection
	GlobalSection(ProjectConfigurationPlatforms) = postSolution
		{2A4461DB-3CC7-46C7-992D-CFBFB5F19171}.Debug|Any CPU.ActiveCfg = Debug|Any CPU
		{2A4461DB-3CC7-46C7-992D-CFBFB5F19171}.Debug|Any CPU.Build.0 = Debug|Any CPU
		{2A4461DB-3CC7-46C7-992D-CFBFB5F19171}.Debug|x64.ActiveCfg = Debug|Any CPU
		{2A4461DB-3CC7-46C7-992D-CFBFB5F19171}.Debug|x64.Build.0 = Debug|Any CPU
		{2A4461DB-3CC7-46C7-992D-CFBFB5F19171}.Debug|x86.ActiveCfg = Debug|Any CPU
		{2A4461DB-3CC7-46C7-992D-CFBFB5F19171}.Debug|x86.Build.0 = Debug|Any CPU
		{2A4461DB-3CC7-46C7-992D-CFBFB5F19171}.Release|Any CPU.ActiveCfg = Release|Any CPU
		{2A4461DB-3CC7-46C7-992D-CFBFB5F19171}.Release|Any CPU.Build.0 = Release|Any CPU
		{2A4461DB-3CC7-46C7-992D-CFBFB5F19171}.Release|x64.ActiveCfg = Release|Any CPU
		{2A4461DB-3CC7-46C7-992D-CFBFB5F19171}.Release|x64.Build.0 = Release|Any CPU
		{2A4461DB-3CC7-46C7-992D-CFBFB5F19171}.Release|x86.ActiveCfg = Release|Any CPU
		{2A4461DB-3CC7-46C7-992D-CFBFB5F19171}.Release|x86.Build.0 = Release|Any CPU
	EndGlobalSection
	GlobalSection(SolutionProperties) = preSolution
		HideSolutionNode = FALSE
	EndGlobalSection
	GlobalSection(ExtensibilityGlobals) = postSolution
		SolutionGuid = {C748B906-E7B9-451F-B1D0-6589FFB84A10}
	EndGlobalSection
EndGlobal
