
Microsoft Visual Studio Solution File, Format Version 12.00
# Visual Studio 15
VisualStudioVersion = 15.0.26228.9
MinimumVisualStudioVersion = 10.0.40219.1
Project("{FAE04EC0-301F-11D3-BF4B-00C04F79EFBC}") = "CSharp7", "CSharp7\CSharp7.csproj", "{164E1294-66C9-4B71-B0DF-364774AAD0DB}"
EndProject
Global
	GlobalSection(SolutionConfigurationPlatforms) = preSolution
		Debug|Any CPU = Debug|Any CPU
		Release|Any CPU = Release|Any CPU
	EndGlobalSection
	GlobalSection(ProjectConfigurationPlatforms) = postSolution
		{164E1294-66C9-4B71-B0DF-364774AAD0DB}.Debug|Any CPU.ActiveCfg = Debug|Any CPU
		{164E1294-66C9-4B71-B0DF-364774AAD0DB}.Debug|Any CPU.Build.0 = Debug|Any CPU
		{164E1294-66C9-4B71-B0DF-364774AAD0DB}.Release|Any CPU.ActiveCfg = Release|Any CPU
		{164E1294-66C9-4B71-B0DF-364774AAD0DB}.Release|Any CPU.Build.0 = Release|Any CPU
	EndGlobalSection
	GlobalSection(SolutionProperties) = preSolution
		HideSolutionNode = FALSE
	EndGlobalSection
EndGlobal
