
Microsoft Visual Studio Solution File, Format Version 12.00
# Visual Studio 15
VisualStudioVersion = 15.0.25123.0
MinimumVisualStudioVersion = 10.0.40219.1
Project("{FAE04EC0-301F-11D3-BF4B-00C04F79EFBC}") = "1.CSharpSixFeatures", "CSharpSixFeatures\1.CSharpSixFeatures.csproj", "{E346D9C8-AEEE-43D8-803E-0107B03D499C}"
EndProject
Project("{FAE04EC0-301F-11D3-BF4B-00C04F79EFBC}") = "2.NewInTheDotNETFramework", "NewInTheDotNETFramework\2.NewInTheDotNETFramework.csproj", "{7D6798D8-C382-43DB-B094-DCC94274F7C3}"
EndProject
Project("{FAE04EC0-301F-11D3-BF4B-00C04F79EFBC}") = "3.CSharpSevenFeatures", "CSharpSevenFeatures\3.CSharpSevenFeatures.csproj", "{DF78B515-08DD-4498-AB22-D6FC72C29ECC}"
EndProject
Global
	GlobalSection(SolutionConfigurationPlatforms) = preSolution
		Debug|Any CPU = Debug|Any CPU
		Release|Any CPU = Release|Any CPU
	EndGlobalSection
	GlobalSection(ProjectConfigurationPlatforms) = postSolution
		{DF78B515-08DD-4498-AB22-D6FC72C29ECC}.Debug|Any CPU.ActiveCfg = Debug|Any CPU
		{DF78B515-08DD-4498-AB22-D6FC72C29ECC}.Debug|Any CPU.Build.0 = Debug|Any CPU
		{DF78B515-08DD-4498-AB22-D6FC72C29ECC}.Release|Any CPU.ActiveCfg = Release|Any CPU
		{DF78B515-08DD-4498-AB22-D6FC72C29ECC}.Release|Any CPU.Build.0 = Release|Any CPU
		{E346D9C8-AEEE-43D8-803E-0107B03D499C}.Debug|Any CPU.ActiveCfg = Debug|Any CPU
		{E346D9C8-AEEE-43D8-803E-0107B03D499C}.Debug|Any CPU.Build.0 = Debug|Any CPU
		{E346D9C8-AEEE-43D8-803E-0107B03D499C}.Release|Any CPU.ActiveCfg = Release|Any CPU
		{E346D9C8-AEEE-43D8-803E-0107B03D499C}.Release|Any CPU.Build.0 = Release|Any CPU
		{7D6798D8-C382-43DB-B094-DCC94274F7C3}.Debug|Any CPU.ActiveCfg = Debug|Any CPU
		{7D6798D8-C382-43DB-B094-DCC94274F7C3}.Debug|Any CPU.Build.0 = Debug|Any CPU
		{7D6798D8-C382-43DB-B094-DCC94274F7C3}.Release|Any CPU.ActiveCfg = Release|Any CPU
		{7D6798D8-C382-43DB-B094-DCC94274F7C3}.Release|Any CPU.Build.0 = Release|Any CPU
	EndGlobalSection
	GlobalSection(SolutionProperties) = preSolution
		HideSolutionNode = FALSE
	EndGlobalSection
EndGlobal
