Microsoft Visual Studio Solution File, Format Version 12.00
# Visual Studio Version 17
VisualStudioVersion = 17.5.2.0
MinimumVisualStudioVersion = 10.0.40219.1
Project("{FAE04EC0-301F-11D3-BF4B-00C04F79EFBC}") = "api", "api\api.csproj", "{CBFA08EA-AECE-205F-7B85-326FD0B81BAD}"
EndProject
Project("{FAE04EC0-301F-11D3-BF4B-00C04F79EFBC}") = "worker", "worker\worker.csproj", "{69C79C25-F84F-479E-3E79-EC68C71F7F70}"
EndProject
Project("{FAE04EC0-301F-11D3-BF4B-00C04F79EFBC}") = "mcp", "mcp\mcp.csproj", "{8D9D6752-2B42-4264-8363-AE71DFB99199}"
EndProject
Global
	GlobalSection(SolutionConfigurationPlatforms) = preSolution
		Debug|Any CPU = Debug|Any CPU
		Release|Any CPU = Release|Any CPU
	EndGlobalSection
	GlobalSection(ProjectConfigurationPlatforms) = postSolution
		{CBFA08EA-AECE-205F-7B85-326FD0B81BAD}.Debug|Any CPU.ActiveCfg = Debug|Any CPU
		{CBFA08EA-AECE-205F-7B85-326FD0B81BAD}.Debug|Any CPU.Build.0 = Debug|Any CPU
		{CBFA08EA-AECE-205F-7B85-326FD0B81BAD}.Release|Any CPU.ActiveCfg = Release|Any CPU
		{CBFA08EA-AECE-205F-7B85-326FD0B81BAD}.Release|Any CPU.Build.0 = Release|Any CPU
		{69C79C25-F84F-479E-3E79-EC68C71F7F70}.Debug|Any CPU.ActiveCfg = Debug|Any CPU
		{69C79C25-F84F-479E-3E79-EC68C71F7F70}.Debug|Any CPU.Build.0 = Debug|Any CPU
		{69C79C25-F84F-479E-3E79-EC68C71F7F70}.Release|Any CPU.ActiveCfg = Release|Any CPU
		{69C79C25-F84F-479E-3E79-EC68C71F7F70}.Release|Any CPU.Build.0 = Release|Any CPU
		{8D9D6752-2B42-4264-8363-AE71DFB99199}.Debug|Any CPU.ActiveCfg = Debug|Any CPU
		{8D9D6752-2B42-4264-8363-AE71DFB99199}.Debug|Any CPU.Build.0 = Debug|Any CPU
		{8D9D6752-2B42-4264-8363-AE71DFB99199}.Release|Any CPU.ActiveCfg = Release|Any CPU
		{8D9D6752-2B42-4264-8363-AE71DFB99199}.Release|Any CPU.Build.0 = Release|Any CPU
	EndGlobalSection
	GlobalSection(SolutionProperties) = preSolution
		HideSolutionNode = FALSE
	EndGlobalSection
	GlobalSection(ExtensibilityGlobals) = postSolution
		SolutionGuid = {86CA85DA-D9C1-49D7-9B92-A0F3251B2627}
	EndGlobalSection
EndGlobal
