
Microsoft Visual Studio Solution File, Format Version 12.00
# Visual Studio 15
VisualStudioVersion = 15.0.26124.0
MinimumVisualStudioVersion = 15.0.26124.0
Project("{FAE04EC0-301F-11D3-BF4B-00C04F79EFBC}") = "PulumiDemoTests", "PulumiDemoTests\PulumiDemoTests.csproj", "{5A8D05B6-39D7-4FD5-9B14-6A22FA33F8E3}"
EndProject
Project("{FAE04EC0-301F-11D3-BF4B-00C04F79EFBC}") = "PulumiDemo", "PulumiDemo\PulumiDemo.csproj", "{1E534DA2-A41A-40BA-9902-1434250E8A27}"
EndProject
Global
	GlobalSection(SolutionConfigurationPlatforms) = preSolution
		Debug|Any CPU = Debug|Any CPU
		Debug|x64 = Debug|x64
		Debug|x86 = Debug|x86
		Release|Any CPU = Release|Any CPU
		Release|x64 = Release|x64
		Release|x86 = Release|x86
	EndGlobalSection
	GlobalSection(SolutionProperties) = preSolution
		HideSolutionNode = FALSE
	EndGlobalSection
	GlobalSection(ProjectConfigurationPlatforms) = postSolution
		{5A8D05B6-39D7-4FD5-9B14-6A22FA33F8E3}.Debug|Any CPU.ActiveCfg = Debug|Any CPU
		{5A8D05B6-39D7-4FD5-9B14-6A22FA33F8E3}.Debug|Any CPU.Build.0 = Debug|Any CPU
		{5A8D05B6-39D7-4FD5-9B14-6A22FA33F8E3}.Debug|x64.ActiveCfg = Debug|Any CPU
		{5A8D05B6-39D7-4FD5-9B14-6A22FA33F8E3}.Debug|x64.Build.0 = Debug|Any CPU
		{5A8D05B6-39D7-4FD5-9B14-6A22FA33F8E3}.Debug|x86.ActiveCfg = Debug|Any CPU
		{5A8D05B6-39D7-4FD5-9B14-6A22FA33F8E3}.Debug|x86.Build.0 = Debug|Any CPU
		{5A8D05B6-39D7-4FD5-9B14-6A22FA33F8E3}.Release|Any CPU.ActiveCfg = Release|Any CPU
		{5A8D05B6-39D7-4FD5-9B14-6A22FA33F8E3}.Release|Any CPU.Build.0 = Release|Any CPU
		{5A8D05B6-39D7-4FD5-9B14-6A22FA33F8E3}.Release|x64.ActiveCfg = Release|Any CPU
		{5A8D05B6-39D7-4FD5-9B14-6A22FA33F8E3}.Release|x64.Build.0 = Release|Any CPU
		{5A8D05B6-39D7-4FD5-9B14-6A22FA33F8E3}.Release|x86.ActiveCfg = Release|Any CPU
		{5A8D05B6-39D7-4FD5-9B14-6A22FA33F8E3}.Release|x86.Build.0 = Release|Any CPU
		{1E534DA2-A41A-40BA-9902-1434250E8A27}.Debug|Any CPU.ActiveCfg = Debug|Any CPU
		{1E534DA2-A41A-40BA-9902-1434250E8A27}.Debug|Any CPU.Build.0 = Debug|Any CPU
		{1E534DA2-A41A-40BA-9902-1434250E8A27}.Debug|x64.ActiveCfg = Debug|Any CPU
		{1E534DA2-A41A-40BA-9902-1434250E8A27}.Debug|x64.Build.0 = Debug|Any CPU
		{1E534DA2-A41A-40BA-9902-1434250E8A27}.Debug|x86.ActiveCfg = Debug|Any CPU
		{1E534DA2-A41A-40BA-9902-1434250E8A27}.Debug|x86.Build.0 = Debug|Any CPU
		{1E534DA2-A41A-40BA-9902-1434250E8A27}.Release|Any CPU.ActiveCfg = Release|Any CPU
		{1E534DA2-A41A-40BA-9902-1434250E8A27}.Release|Any CPU.Build.0 = Release|Any CPU
		{1E534DA2-A41A-40BA-9902-1434250E8A27}.Release|x64.ActiveCfg = Release|Any CPU
		{1E534DA2-A41A-40BA-9902-1434250E8A27}.Release|x64.Build.0 = Release|Any CPU
		{1E534DA2-A41A-40BA-9902-1434250E8A27}.Release|x86.ActiveCfg = Release|Any CPU
		{1E534DA2-A41A-40BA-9902-1434250E8A27}.Release|x86.Build.0 = Release|Any CPU
	EndGlobalSection
EndGlobal
