
Microsoft Visual Studio Solution File, Format Version 12.00
# Visual Studio 15
VisualStudioVersion = 15.0.26403.7
MinimumVisualStudioVersion = 10.0.40219.1
Project("{FAE04EC0-301F-11D3-BF4B-00C04F79EFBC}") = "CakeBuildDemo.UnitTests", "test\CakeBuildDemo.UnitTests\CakeBuildDemo.UnitTests.csproj", "{E6FD0933-8512-4FE0-9018-969F7B762B27}"
EndProject
Project("{2150E333-8FDC-42A3-9474-1A3956D46DE8}") = "Tests", "Tests", "{C4236D33-AE57-4ECE-A8D4-D332A7E1B27E}"
EndProject
Project("{FAE04EC0-301F-11D3-BF4B-00C04F79EFBC}") = "CakeBuildDemo.RegressionTests", "test\CakeBuildDemo.RegressionTests\CakeBuildDemo.RegressionTests.csproj", "{AD71EB52-4B1A-4D4F-A795-634358285E3F}"
EndProject
Project("{FAE04EC0-301F-11D3-BF4B-00C04F79EFBC}") = "CakeBuildDemo.ApiApp", "src\CakeBuildDemo.ApiApp\CakeBuildDemo.ApiApp.csproj", "{1488A3FB-84CC-4193-B4C7-2C31A26133E3}"
EndProject
Project("{2150E333-8FDC-42A3-9474-1A3956D46DE8}") = "Solution Items", "Solution Items", "{8DBA9869-DC3D-47F7-B78A-F9DD7B1DFB7E}"
	ProjectSection(SolutionItems) = preProject
		build.cake = build.cake
	EndProjectSection
EndProject
Global
	GlobalSection(SolutionConfigurationPlatforms) = preSolution
		Debug|Any CPU = Debug|Any CPU
		Release|Any CPU = Release|Any CPU
	EndGlobalSection
	GlobalSection(ProjectConfigurationPlatforms) = postSolution
		{E6FD0933-8512-4FE0-9018-969F7B762B27}.Debug|Any CPU.ActiveCfg = Debug|Any CPU
		{E6FD0933-8512-4FE0-9018-969F7B762B27}.Debug|Any CPU.Build.0 = Debug|Any CPU
		{E6FD0933-8512-4FE0-9018-969F7B762B27}.Release|Any CPU.ActiveCfg = Release|Any CPU
		{E6FD0933-8512-4FE0-9018-969F7B762B27}.Release|Any CPU.Build.0 = Release|Any CPU
		{AD71EB52-4B1A-4D4F-A795-634358285E3F}.Debug|Any CPU.ActiveCfg = Debug|Any CPU
		{AD71EB52-4B1A-4D4F-A795-634358285E3F}.Debug|Any CPU.Build.0 = Debug|Any CPU
		{AD71EB52-4B1A-4D4F-A795-634358285E3F}.Release|Any CPU.ActiveCfg = Release|Any CPU
		{AD71EB52-4B1A-4D4F-A795-634358285E3F}.Release|Any CPU.Build.0 = Release|Any CPU
		{1488A3FB-84CC-4193-B4C7-2C31A26133E3}.Debug|Any CPU.ActiveCfg = Debug|Any CPU
		{1488A3FB-84CC-4193-B4C7-2C31A26133E3}.Debug|Any CPU.Build.0 = Debug|Any CPU
		{1488A3FB-84CC-4193-B4C7-2C31A26133E3}.Release|Any CPU.ActiveCfg = Release|Any CPU
		{1488A3FB-84CC-4193-B4C7-2C31A26133E3}.Release|Any CPU.Build.0 = Release|Any CPU
	EndGlobalSection
	GlobalSection(SolutionProperties) = preSolution
		HideSolutionNode = FALSE
	EndGlobalSection
	GlobalSection(NestedProjects) = preSolution
		{E6FD0933-8512-4FE0-9018-969F7B762B27} = {C4236D33-AE57-4ECE-A8D4-D332A7E1B27E}
		{AD71EB52-4B1A-4D4F-A795-634358285E3F} = {C4236D33-AE57-4ECE-A8D4-D332A7E1B27E}
	EndGlobalSection
EndGlobal
