
Microsoft Visual Studio Solution File, Format Version 12.00
# Visual Studio 15
VisualStudioVersion = 15.0.27009.1
MinimumVisualStudioVersion = 10.0.40219.1
Project("{FAE04EC0-301F-11D3-BF4B-00C04F79EFBC}") = "0.CSharpInternals.Undocumented", "0.CSharpInternals.Undocumented\0.CSharpInternals.Undocumented.csproj", "{422A2E3B-A99D-4AA7-80E5-9E5CD8FA6244}"
EndProject
Project("{9A19103F-16F7-4668-BE54-9A1E7A4F7556}") = "CSharpInternals.Utils", "CSharpInternals.Utils\CSharpInternals.Utils.csproj", "{0DAEFD79-722D-4202-A1B8-E50324C664C2}"
EndProject
Project("{9A19103F-16F7-4668-BE54-9A1E7A4F7556}") = "2.CSharpInternals.SafeLowLevelApi", "2.CSharpInternals.SafeLowLevelApi\2.CSharpInternals.SafeLowLevelApi.csproj", "{4070EA35-1004-4F7B-989C-A6332D31A8A5}"
EndProject
Project("{9A19103F-16F7-4668-BE54-9A1E7A4F7556}") = "99.CSharpInternals.Misc", "99.CSharpInternals.Misc\99.CSharpInternals.Misc.csproj", "{08EC0DAD-D704-4AA8-B753-338934B4E30E}"
EndProject
Project("{FAE04EC0-301F-11D3-BF4B-00C04F79EFBC}") = "1.CSharpInternals.ExceptionHandling", "1.CSharpInternals.ExceptionHandling\1.CSharpInternals.ExceptionHandling.csproj", "{BD800BB0-0949-43FC-AA4A-EBF85B35B8C5}"
EndProject
Project("{FAE04EC0-301F-11D3-BF4B-00C04F79EFBC}") = "3.CSharpInternals.Strings", "3.CSharpInternals.Strings\3.CSharpInternals.Strings.csproj", "{CEB84728-F34B-4675-879F-653BD9F6C546}"
EndProject
Project("{FAE04EC0-301F-11D3-BF4B-00C04F79EFBC}") = "4.CSharpInternals.Numbers", "4.CSharpInternals.Numbers\4.CSharpInternals.Numbers.csproj", "{23EFC049-9EFB-465A-8590-2857FA7EBDF0}"
EndProject
Global
	GlobalSection(SolutionConfigurationPlatforms) = preSolution
		Debug|Any CPU = Debug|Any CPU
		Release|Any CPU = Release|Any CPU
	EndGlobalSection
	GlobalSection(ProjectConfigurationPlatforms) = postSolution
		{422A2E3B-A99D-4AA7-80E5-9E5CD8FA6244}.Debug|Any CPU.ActiveCfg = Debug|Any CPU
		{422A2E3B-A99D-4AA7-80E5-9E5CD8FA6244}.Debug|Any CPU.Build.0 = Debug|Any CPU
		{422A2E3B-A99D-4AA7-80E5-9E5CD8FA6244}.Release|Any CPU.ActiveCfg = Release|Any CPU
		{422A2E3B-A99D-4AA7-80E5-9E5CD8FA6244}.Release|Any CPU.Build.0 = Release|Any CPU
		{0DAEFD79-722D-4202-A1B8-E50324C664C2}.Debug|Any CPU.ActiveCfg = Debug|Any CPU
		{0DAEFD79-722D-4202-A1B8-E50324C664C2}.Debug|Any CPU.Build.0 = Debug|Any CPU
		{0DAEFD79-722D-4202-A1B8-E50324C664C2}.Release|Any CPU.ActiveCfg = Release|Any CPU
		{0DAEFD79-722D-4202-A1B8-E50324C664C2}.Release|Any CPU.Build.0 = Release|Any CPU
		{4070EA35-1004-4F7B-989C-A6332D31A8A5}.Debug|Any CPU.ActiveCfg = Debug|Any CPU
		{4070EA35-1004-4F7B-989C-A6332D31A8A5}.Debug|Any CPU.Build.0 = Debug|Any CPU
		{4070EA35-1004-4F7B-989C-A6332D31A8A5}.Release|Any CPU.ActiveCfg = Release|Any CPU
		{4070EA35-1004-4F7B-989C-A6332D31A8A5}.Release|Any CPU.Build.0 = Release|Any CPU
		{08EC0DAD-D704-4AA8-B753-338934B4E30E}.Debug|Any CPU.ActiveCfg = Debug|Any CPU
		{08EC0DAD-D704-4AA8-B753-338934B4E30E}.Debug|Any CPU.Build.0 = Debug|Any CPU
		{08EC0DAD-D704-4AA8-B753-338934B4E30E}.Release|Any CPU.ActiveCfg = Release|Any CPU
		{08EC0DAD-D704-4AA8-B753-338934B4E30E}.Release|Any CPU.Build.0 = Release|Any CPU
		{BD800BB0-0949-43FC-AA4A-EBF85B35B8C5}.Debug|Any CPU.ActiveCfg = Debug|Any CPU
		{BD800BB0-0949-43FC-AA4A-EBF85B35B8C5}.Debug|Any CPU.Build.0 = Debug|Any CPU
		{BD800BB0-0949-43FC-AA4A-EBF85B35B8C5}.Release|Any CPU.ActiveCfg = Release|Any CPU
		{BD800BB0-0949-43FC-AA4A-EBF85B35B8C5}.Release|Any CPU.Build.0 = Release|Any CPU
		{CEB84728-F34B-4675-879F-653BD9F6C546}.Debug|Any CPU.ActiveCfg = Debug|Any CPU
		{CEB84728-F34B-4675-879F-653BD9F6C546}.Debug|Any CPU.Build.0 = Debug|Any CPU
		{CEB84728-F34B-4675-879F-653BD9F6C546}.Release|Any CPU.ActiveCfg = Release|Any CPU
		{CEB84728-F34B-4675-879F-653BD9F6C546}.Release|Any CPU.Build.0 = Release|Any CPU
		{23EFC049-9EFB-465A-8590-2857FA7EBDF0}.Debug|Any CPU.ActiveCfg = Debug|Any CPU
		{23EFC049-9EFB-465A-8590-2857FA7EBDF0}.Debug|Any CPU.Build.0 = Debug|Any CPU
		{23EFC049-9EFB-465A-8590-2857FA7EBDF0}.Release|Any CPU.ActiveCfg = Release|Any CPU
		{23EFC049-9EFB-465A-8590-2857FA7EBDF0}.Release|Any CPU.Build.0 = Release|Any CPU
	EndGlobalSection
	GlobalSection(SolutionProperties) = preSolution
		HideSolutionNode = FALSE
	EndGlobalSection
	GlobalSection(ExtensibilityGlobals) = postSolution
		SolutionGuid = {8F53923A-2CF9-4CD7-8805-BB89245899A1}
	EndGlobalSection
EndGlobal
