
Microsoft Visual Studio Solution File, Format Version 12.00
# Visual Studio 15
VisualStudioVersion = 15.0.26124.0
MinimumVisualStudioVersion = 15.0.26124.0
Project("{FAE04EC0-301F-11D3-BF4B-00C04F79EFBC}") = "Microsoft.Teams.Bot", "Microsoft.Teams.Bot.csproj", "{CABB116F-6442-489E-B690-C7D793CD9EFD}"
EndProject
Global
	GlobalSection(SolutionConfigurationPlatforms) = preSolution
		Debug|Any CPU = Debug|Any CPU
		Debug|x64 = Debug|x64
		Debug|x86 = Debug|x86
		Release|Any CPU = Release|Any CPU
		Release|x64 = Release|x64
		Release|x86 = Release|x86
	EndGlobalSection
	GlobalSection(SolutionProperties) = preSolution
		HideSolutionNode = FALSE
	EndGlobalSection
	GlobalSection(ProjectConfigurationPlatforms) = postSolution
		{CABB116F-6442-489E-B690-C7D793CD9EFD}.Debug|Any CPU.ActiveCfg = Debug|Any CPU
		{CABB116F-6442-489E-B690-C7D793CD9EFD}.Debug|Any CPU.Build.0 = Debug|Any CPU
		{CABB116F-6442-489E-B690-C7D793CD9EFD}.Debug|x64.ActiveCfg = Debug|Any CPU
		{CABB116F-6442-489E-B690-C7D793CD9EFD}.Debug|x64.Build.0 = Debug|Any CPU
		{CABB116F-6442-489E-B690-C7D793CD9EFD}.Debug|x86.ActiveCfg = Debug|Any CPU
		{CABB116F-6442-489E-B690-C7D793CD9EFD}.Debug|x86.Build.0 = Debug|Any CPU
		{CABB116F-6442-489E-B690-C7D793CD9EFD}.Release|Any CPU.ActiveCfg = Release|Any CPU
		{CABB116F-6442-489E-B690-C7D793CD9EFD}.Release|Any CPU.Build.0 = Release|Any CPU
		{CABB116F-6442-489E-B690-C7D793CD9EFD}.Release|x64.ActiveCfg = Release|Any CPU
		{CABB116F-6442-489E-B690-C7D793CD9EFD}.Release|x64.Build.0 = Release|Any CPU
		{CABB116F-6442-489E-B690-C7D793CD9EFD}.Release|x86.ActiveCfg = Release|Any CPU
		{CABB116F-6442-489E-B690-C7D793CD9EFD}.Release|x86.Build.0 = Release|Any CPU
	EndGlobalSection
EndGlobal
